{
  "version": "5",
  "specifiers": {
    "jsr:@supabase/functions-js@^0.0.0-automated": "0.0.0-jsr-test.1",
    "jsr:@supabase/supabase-js@2": "2.97.0"
  },
  "jsr": {
    "@supabase/functions-js@0.0.0-jsr-test.1": {
      "integrity": "b1b37924af1f0011b4753201e1585a37b030e996c6682492e02575eb27d902b2"
    },
    "@supabase/supabase-js@2.97.0": {
      "integrity": "b14a91e5ec731a82f2709dc8434f8320e15931c563167e09754814cc94a0391d",
      "dependencies": [
        "jsr:@supabase/functions-js"
      ]
    }
  },
  "workspace": {
    "packageJson": {
      "dependencies": [
        "npm:@playwright/test@^1.50.1"
      ]
    },
    "members": {
      "akf-construction": {
        "packageJson": {
          "dependencies": [
            "npm:@headlessui/react@^2.2.6",
            "npm:@prime/ui-ai@*",
            "npm:@tailwindcss/forms@~0.5.10",
            "npm:@tailwindcss/postcss@^4.1.15",
            "npm:@types/node@^24.1.0",
            "npm:@types/react-dom@19",
            "npm:@types/react@19",
            "npm:clsx@^2.1.1",
            "npm:eslint-config-next@15",
            "npm:eslint@^9.32.0",
            "npm:next@^15.5.10",
            "npm:prettier-plugin-tailwindcss@~0.7.1",
            "npm:prettier@^3.6.2",
            "npm:react-dom@^19.2.4",
            "npm:react@^19.2.4",
            "npm:sharp@0.34.3",
            "npm:tailwindcss@^4.1.15",
            "npm:typescript@^5.8.3"
          ]
        }
      },
      "cleanjet": {
        "packageJson": {
          "dependencies": [
            "npm:@headlessui/react@^2.2.6",
            "npm:@prime/ui-ai@*",
            "npm:@tailwindcss/forms@~0.5.10",
            "npm:@tailwindcss/postcss@^4.1.15",
            "npm:@types/node@^24.1.0",
            "npm:@types/react-dom@19",
            "npm:@types/react@19",
            "npm:clsx@^2.1.1",
            "npm:eslint-config-next@15",
            "npm:eslint@^9.32.0",
            "npm:next@^15.5.10",
            "npm:prettier-plugin-tailwindcss@~0.7.1",
            "npm:prettier@^3.6.2",
            "npm:react-dom@^19.2.4",
            "npm:react@^19.2.4",
            "npm:sharp@0.34.3",
            "npm:tailwindcss@^4.1.15",
            "npm:typescript@^5.8.3"
          ]
        }
      },
      "prime-electrical": {
        "packageJson": {
          "dependencies": [
            "npm:@headlessui/react@^2.2.6",
            "npm:@prime/ui-ai@*",
            "npm:@supabase/supabase-js@^2.97.0",
            "npm:@tailwindcss/forms@~0.5.10",
            "npm:@tailwindcss/postcss@^4.1.15",
            "npm:@types/node@^24.1.0",
            "npm:@types/react-dom@19",
            "npm:@types/react@19",
            "npm:clsx@^2.1.1",
            "npm:eslint-config-next@15",
            "npm:eslint@^9.32.0",
            "npm:next@^15.5.10",
            "npm:prettier-plugin-tailwindcss@~0.7.1",
            "npm:prettier@^3.6.2",
            "npm:react-dom@^19.2.4",
            "npm:react@^19.2.4",
            "npm:sharp@0.34.3",
            "npm:tailwindcss@^4.1.15",
            "npm:twilio@^5.12.2",
            "npm:typescript@^5.8.3"
          ]
        }
      }
    }
  }
}
